
Microsoft Visual Studio Solution File, Format Version 12.00
# Visual Studio 15
VisualStudioVersion = 15.0.28010.2019
MinimumVisualStudioVersion = 10.0.40219.1
Project("{E24C65DC-7377-472B-9ABA-BC803B73C61A}") = "americanatechconf.github.io", ".", "{B81CE826-58F7-42E4-8AAA-EFDA8877CA4C}"
	ProjectSection(WebsiteProperties) = preProject
		TargetFrameworkMoniker = ".NETFramework,Version%3Dv4.0"
		Debug.AspNetCompiler.VirtualPath = "/localhost_51029"
		Debug.AspNetCompiler.PhysicalPath = "..\americanatechconf.github.io\"
		Debug.AspNetCompiler.TargetPath = "PrecompiledWeb\localhost_51029\"
		Debug.AspNetCompiler.Updateable = "true"
		Debug.AspNetCompiler.ForceOverwrite = "true"
		Debug.AspNetCompiler.FixedNames = "false"
		Debug.AspNetCompiler.Debug = "True"
		Release.AspNetCompiler.VirtualPath = "/localhost_51029"
		Release.AspNetCompiler.PhysicalPath = "..\americanatechconf.github.io\"
		Release.AspNetCompiler.TargetPath = "PrecompiledWeb\localhost_51029\"
		Release.AspNetCompiler.Updateable = "true"
		Release.AspNetCompiler.ForceOverwrite = "true"
		Release.AspNetCompiler.FixedNames = "false"
		Release.AspNetCompiler.Debug = "False"
		VWDPort = "51029"
		SlnRelativePath = "..\americanatechconf.github.io\"
	EndProjectSection
EndProject
Global
	GlobalSection(SolutionConfigurationPlatforms) = preSolution
		Debug|Any CPU = Debug|Any CPU
	EndGlobalSection
	GlobalSection(ProjectConfigurationPlatforms) = postSolution
		{B81CE826-58F7-42E4-8AAA-EFDA8877CA4C}.Debug|Any CPU.ActiveCfg = Debug|Any CPU
		{B81CE826-58F7-42E4-8AAA-EFDA8877CA4C}.Debug|Any CPU.Build.0 = Debug|Any CPU
	EndGlobalSection
	GlobalSection(SolutionProperties) = preSolution
		HideSolutionNode = FALSE
	EndGlobalSection
	GlobalSection(ExtensibilityGlobals) = postSolution
		SolutionGuid = {B37CC643-3B9A-4A26-9004-951119B0E021}
	EndGlobalSection
EndGlobal
